
Microsoft Visual Studio Solution File, Format Version 12.00
# Visual Studio Version 17
VisualStudioVersion = 17.7.34221.43
MinimumVisualStudioVersion = 10.0.40219.1
Project("{9A19103F-16F7-4668-BE54-9A1E7A4F7556}") = "azure-app-trev-vs", "azure-app-trev-vs\azure-app-trev-vs.csproj", "{9C657D46-BC91-4C45-9E57-1DF5E20AC9AE}"
EndProject
Project("{FAE04EC0-301F-11D3-BF4B-00C04F79EFBC}") = "Blazor.CosmosDb.Demo", "Blazor.CosmosDb.Demo\Blazor.CosmosDb.Demo.csproj", "{F99B4726-F395-4370-963F-71980DEF95C7}"
EndProject
Global
	GlobalSection(SolutionConfigurationPlatforms) = preSolution
		Debug|Any CPU = Debug|Any CPU
		Release|Any CPU = Release|Any CPU
	EndGlobalSection
	GlobalSection(ProjectConfigurationPlatforms) = postSolution
		{9C657D46-BC91-4C45-9E57-1DF5E20AC9AE}.Debug|Any CPU.ActiveCfg = Debug|Any CPU
		{9C657D46-BC91-4C45-9E57-1DF5E20AC9AE}.Debug|Any CPU.Build.0 = Debug|Any CPU
		{9C657D46-BC91-4C45-9E57-1DF5E20AC9AE}.Release|Any CPU.ActiveCfg = Release|Any CPU
		{9C657D46-BC91-4C45-9E57-1DF5E20AC9AE}.Release|Any CPU.Build.0 = Release|Any CPU
		{F99B4726-F395-4370-963F-71980DEF95C7}.Debug|Any CPU.ActiveCfg = Debug|Any CPU
		{F99B4726-F395-4370-963F-71980DEF95C7}.Debug|Any CPU.Build.0 = Debug|Any CPU
		{F99B4726-F395-4370-963F-71980DEF95C7}.Release|Any CPU.ActiveCfg = Release|Any CPU
		{F99B4726-F395-4370-963F-71980DEF95C7}.Release|Any CPU.Build.0 = Release|Any CPU
	EndGlobalSection
	GlobalSection(SolutionProperties) = preSolution
		HideSolutionNode = FALSE
	EndGlobalSection
	GlobalSection(ExtensibilityGlobals) = postSolution
		SolutionGuid = {55C31FAD-FDDB-4492-B962-10EEE25B57E7}
	EndGlobalSection
EndGlobal
